{
  "name": "morganise",
  "version": "1.0.1",
  "lockfileVersion": 3,
  "requires": true,
  "packages": {
    "": {
      "name": "morganise",
      "version": "1.0.1",
      "license": "MIT",
      "bin": {
        "morganise": "bin/morganise.js"
      },
      "engines": {
        "node": ">=18.0.0"
      }
    }
  }
}
